lockfileVersion: '9.0'

settings:
  autoInstallPeers: true
  excludeLinksFromLockfile: false

importers:

  .:
    dependencies:
      '@supabase/supabase-js':
        specifier: ^2.105.4
        version: 2.105.4
      dotenv:
        specifier: ^17.2.3
        version: 17.2.3
      grammy:
        specifier: ^1.38.3
        version: 1.38.3
    devDependencies:
      '@types/node':
        specifier: ^24.10.0
        version: 24.10.0
      typescript:
        specifier: ^5.9.3
        version: 5.9.3

packages:

  '@grammyjs/types@3.22.2':
    resolution: {integrity: sha512-uu7DX2ezhnBPozL3bXHmwhLvaFsh59E4QyviNH4Cij7EdVekYrs6mCzeXsa2pDk30l3uXo7DBahlZLzTPtpYZg==}

  '@supabase/auth-js@2.105.4':
    resolution: {integrity: sha512-Ejfa37M5xoIwoxVebxRahnwubPo8g22qkXQ4p50+N9MIvU9UZoN+A8dwVPtczzGf8oV/YXN80ZPxK4aWXuSN/A==}
    engines: {node: '>=20.0.0'}

  '@supabase/functions-js@2.105.4':
    resolution: {integrity: sha512-JVNKbBft3Qkja+WlGaE026AJ2AH9K0UTsxsfvEIHgd4zFrBor4BYRCrYFrv9IDsvVqkF72wKDsODJl5GY/C4tA==}
    engines: {node: '>=20.0.0'}

  '@supabase/phoenix@0.4.2':
    resolution: {integrity: sha512-YSAGnmDAfuleFCVt3CeurQZAhxRfXWeZIIkwp7NhYzQ1UwW6ePSnzsFAiUm/mbCkfoCf70QQHKW/K6RKh52a4A==}

  '@supabase/postgrest-js@2.105.4':
    resolution: {integrity: sha512-SppIyLo/kTwIlz1qpv2HN1EQqBg0GVktrDDFsXygYROha3MgVn4rT7p5EjFHFqXQm2rdRGb/BI7bc+jr10m91w==}
    engines: {node: '>=20.0.0'}

  '@supabase/realtime-js@2.105.4':
    resolution: {integrity: sha512-6ov6c59+8D9h7q4M4Gy/uDJlC0Akxl9/714Y+6vJ+Sijuc16TS/p5DwhfRCLNcIhNiej1gEt+CQUwsjiPt4PxQ==}
    engines: {node: '>=20.0.0'}

  '@supabase/storage-js@2.105.4':
    resolution: {integrity: sha512-Jx+pzMP1Whjof2PWHoVBUA75/p7PQE9CqKBzn1oXVyJDOggMLSH2OzVWwsXYaxEpdC1K/KltwmOX44nL3LHl9g==}
    engines: {node: '>=20.0.0'}

  '@supabase/supabase-js@2.105.4':
    resolution: {integrity: sha512-cEnx+k49knU+qdIP7rXwR6fqEXPHZs+74xFK1R0S8MgQ7v9tbePVdGxvO03n3bPympMdJWVLadARBfU4TgNHCQ==}
    engines: {node: '>=20.0.0'}

  '@types/node@24.10.0':
    resolution: {integrity: sha512-qzQZRBqkFsYyaSWXuEHc2WR9c0a0CXwiE5FWUvn7ZM+vdy1uZLfCunD38UzhuB7YN/J11ndbDBcTmOdxJo9Q7A==}

  abort-controller@3.0.0:
    resolution: {integrity: sha512-h8lQ8tacZYnR3vNQTgibj+tODHI5/+l06Au2Pcriv/Gmet0eaj4TwWH41sO9wnHDiQsEj19q0drzdWdeAHtweg==}
    engines: {node: '>=6.5'}

  debug@4.4.3:
    resolution: {integrity: sha512-RGwwWnwQvkVfavKVt22FGLw+xYSdzARwm0ru6DhTVA3umU5hZc28V3kO4stgYryrTlLpuvgI9GiijltAjNbcqA==}
    engines: {node: '>=6.0'}
    peerDependencies:
      supports-color: '*'
    peerDependenciesMeta:
      supports-color:
        optional: true

  dotenv@17.2.3:
    resolution: {integrity: sha512-JVUnt+DUIzu87TABbhPmNfVdBDt18BLOWjMUFJMSi/Qqg7NTYtabbvSNJGOJ7afbRuv9D/lngizHtP7QyLQ+9w==}
    engines: {node: '>=12'}

  event-target-shim@5.0.1:
    resolution: {integrity: sha512-i/2XbnSz/uxRCU6+NdVJgKWDTM427+MqYbkQzD321DuCQJUqOuJKIA0IM2+W2xtYHdKOmZ4dR6fExsd4SXL+WQ==}
    engines: {node: '>=6'}

  grammy@1.38.3:
    resolution: {integrity: sha512-1eQwNfxrRQ0JOFqd3n1nKqyWkHvCQRCNiH8e5aYm27mIjGPobgss58XN8GORC2ejAWM2+NSdUknrMhYj87cjGg==}
    engines: {node: ^12.20.0 || >=14.13.1}

  iceberg-js@0.8.1:
    resolution: {integrity: sha512-1dhVQZXhcHje7798IVM+xoo/1ZdVfzOMIc8/rgVSijRK38EDqOJoGula9N/8ZI5RD8QTxNQtK/Gozpr+qUqRRA==}
    engines: {node: '>=20.0.0'}

  ms@2.1.3:
    resolution: {integrity: sha512-6FlzubTLZG3J2a/NVCAleEhjzq5oxgHyaCU9yYXvcLsvoVaHJq/s5xXI6/XXP6tz7R9xAOtHnSO/tXtF3WRTlA==}

  node-fetch@2.7.0:
    resolution: {integrity: sha512-c4FRfUm/dbcWZ7U+1Wq0AwCyFL+3nt2bEw05wfxSz+DWpWsitgmSgYmy2dQdWyKC1694ELPqMs/YzUSNozLt8A==}
    engines: {node: 4.x || >=6.0.0}
    peerDependencies:
      encoding: ^0.1.0
    peerDependenciesMeta:
      encoding:
        optional: true

  tr46@0.0.3:
    resolution: {integrity: sha512-N3WMsuqV66lT30CrXNbEjx4GEwlow3v6rr4mCcv6prnfwhS01rkgyFdjPNBYd9br7LpXV1+Emh01fHnq2Gdgrw==}

  tslib@2.8.1:
    resolution: {integrity: sha512-oJFu94HQb+KVduSUQL7wnpmqnfmLsOA/nAh6b6EH0wCEoK0/mPeXU6c3wKDV83MkOuHPRHtSXKKU99IBazS/2w==}

  typescript@5.9.3:
    resolution: {integrity: sha512-jl1vZzPDinLr9eUt3J/t7V6FgNEw9QjvBPdysz9KfQDD41fQrC2Y4vKQdiaUpFT4bXlb1RHhLpp8wtm6M5TgSw==}
    engines: {node: '>=14.17'}
    hasBin: true

  undici-types@7.16.0:
    resolution: {integrity: sha512-Zz+aZWSj8LE6zoxD+xrjh4VfkIG8Ya6LvYkZqtUQGJPZjYl53ypCaUwWqo7eI0x66KBGeRo+mlBEkMSeSZ38Nw==}

  webidl-conversions@3.0.1:
    resolution: {integrity: sha512-2JAn3z8AR6rjK8Sm8orRC0h/bcl/DqL7tRPdGZ4I1CjdF+EaMLmYxBHyXuKL849eucPFhvBoxMsflfOb8kxaeQ==}

  whatwg-url@5.0.0:
    resolution: {integrity: sha512-saE57nupxk6v3HY35+jzBwYa0rKSy0XR8JSxZPwgLr7ys0IBzhGviA1/TUGJLmSVqs8pb9AnvICXEuOHLprYTw==}

snapshots:

  '@grammyjs/types@3.22.2': {}

  '@supabase/auth-js@2.105.4':
    dependencies:
      tslib: 2.8.1

  '@supabase/functions-js@2.105.4':
    dependencies:
      tslib: 2.8.1

  '@supabase/phoenix@0.4.2': {}

  '@supabase/postgrest-js@2.105.4':
    dependencies:
      tslib: 2.8.1

  '@supabase/realtime-js@2.105.4':
    dependencies:
      '@supabase/phoenix': 0.4.2
      tslib: 2.8.1

  '@supabase/storage-js@2.105.4':
    dependencies:
      iceberg-js: 0.8.1
      tslib: 2.8.1

  '@supabase/supabase-js@2.105.4':
    dependencies:
      '@supabase/auth-js': 2.105.4
      '@supabase/functions-js': 2.105.4
      '@supabase/postgrest-js': 2.105.4
      '@supabase/realtime-js': 2.105.4
      '@supabase/storage-js': 2.105.4

  '@types/node@24.10.0':
    dependencies:
      undici-types: 7.16.0

  abort-controller@3.0.0:
    dependencies:
      event-target-shim: 5.0.1

  debug@4.4.3:
    dependencies:
      ms: 2.1.3

  dotenv@17.2.3: {}

  event-target-shim@5.0.1: {}

  grammy@1.38.3:
    dependencies:
      '@grammyjs/types': 3.22.2
      abort-controller: 3.0.0
      debug: 4.4.3
      node-fetch: 2.7.0
    transitivePeerDependencies:
      - encoding
      - supports-color

  iceberg-js@0.8.1: {}

  ms@2.1.3: {}

  node-fetch@2.7.0:
    dependencies:
      whatwg-url: 5.0.0

  tr46@0.0.3: {}

  tslib@2.8.1: {}

  typescript@5.9.3: {}

  undici-types@7.16.0: {}

  webidl-conversions@3.0.1: {}

  whatwg-url@5.0.0:
    dependencies:
      tr46: 0.0.3
      webidl-conversions: 3.0.1
